PyOpenGL==3.1.5 --hash=sha256:36b4ac28220e4bfa29e5557525ad2967ca74558a94bccea48864fc742b18db11
absl-py==2.5.0 --hash=sha256:0f17b89f2a4eaaedc4f28c622998aa690564b3012a396a4ffad0821007fe03ba
etils==1.13.0 --hash=sha256:d9cd4f40fbe77ad6613b7348a18132cc511237b6c076dbb89105c0b520a4c6bb
glfw==2.10.2 --hash=sha256:7604425ec95665cc6a25c3ed7d07e9660d394a34472ceffaec0843c844e7b649
mujoco==3.13.0 --hash=sha256:cdd71e58b7b72190198c8ad8a19226f751ad7f35b9703e49178706325bf92d12
